// !$*UTF8*$!
{
	archiveVersion = 1;
	classes = {
	};
	objectVersion = 56;
	objects = {

/* Begin PBXBuildFile section */
		5809AC862C403F3600FC0497 /* PlayerModel.swift in Sources */ = {isa = PBXBuildFile; fileRef = 5809AC852C403F3600FC0497 /* PlayerModel.swift */; };
		5809AC882C403F6700FC0497 /* Bundle+Extension.swift in Sources */ = {isa = PBXBuildFile; fileRef = 5809AC872C403F6700FC0497 /* Bundle+Extension.swift */; };
		5809AC8A2C40401F00FC0497 /* FeaturedItemView.swift in Sources */ = {isa = PBXBuildFile; fileRef = 5809AC892C40401F00FC0497 /* FeaturedItemView.swift */; };
		5809AC8C2C40406A00FC0497 /* FeaturedTabView.swift in Sources */ = {isa = PBXBuildFile; fileRef = 5809AC8B2C40406A00FC0497 /* FeaturedTabView.swift */; };
		5809AC8E2C4185B100FC0497 /* CategoryModel.swift in Sources */ = {isa = PBXBuildFile; fileRef = 5809AC8D2C4185B100FC0497 /* CategoryModel.swift */; };
		5809AC902C41867B00FC0497 /* CategoryItemView.swift in Sources */ = {isa = PBXBuildFile; fileRef = 5809AC8F2C41867B00FC0497 /* CategoryItemView.swift */; };
		5809AC922C418B9E00FC0497 /* CategoryGridView.swift in Sources */ = {isa = PBXBuildFile; fileRef = 5809AC912C418B9E00FC0497 /* CategoryGridView.swift */; };
		5809AC942C418CE900FC0497 /* SectionView.swift in Sources */ = {isa = PBXBuildFile; fileRef = 5809AC932C418CE900FC0497 /* SectionView.swift */; };
		5809AC962C418E5000FC0497 /* TitleView.swift in Sources */ = {isa = PBXBuildFile; fileRef = 5809AC952C418E5000FC0497 /* TitleView.swift */; };
		5809AC982C418F3000FC0497 /* ProductModel.swift in Sources */ = {isa = PBXBuildFile; fileRef = 5809AC972C418F3000FC0497 /* ProductModel.swift */; };
		5809AC9A2C418F7900FC0497 /* ProductItemView.swift in Sources */ = {isa = PBXBuildFile; fileRef = 5809AC992C418F7900FC0497 /* ProductItemView.swift */; };
		5809AC9C2C4191CF00FC0497 /* BrandModel.swift in Sources */ = {isa = PBXBuildFile; fileRef = 5809AC9B2C4191CF00FC0497 /* BrandModel.swift */; };
		5809AC9E2C4192B000FC0497 /* BrandItemView.swift in Sources */ = {isa = PBXBuildFile; fileRef = 5809AC9D2C4192B000FC0497 /* BrandItemView.swift */; };
		5809ACA02C41933000FC0497 /* BrandGridView.swift in Sources */ = {isa = PBXBuildFile; fileRef = 5809AC9F2C41933000FC0497 /* BrandGridView.swift */; };
		5809ACA22C44659C00FC0497 /* ProductDetailView.swift in Sources */ = {isa = PBXBuildFile; fileRef = 5809ACA12C44659C00FC0497 /* ProductDetailView.swift */; };
		5809ACA42C44663500FC0497 /* NavigationBarDetailView.swift in Sources */ = {isa = PBXBuildFile; fileRef = 5809ACA32C44663500FC0497 /* NavigationBarDetailView.swift */; };
		5809ACA62C44671B00FC0497 /* HeaderDetailView.swift in Sources */ = {isa = PBXBuildFile; fileRef = 5809ACA52C44671B00FC0497 /* HeaderDetailView.swift */; };
		5809ACA82C44D1DA00FC0497 /* TopPartDetailView.swift in Sources */ = {isa = PBXBuildFile; fileRef = 5809ACA72C44D1DA00FC0497 /* TopPartDetailView.swift */; };
		5809ACAA2C44E9E500FC0497 /* CustomShape.swift in Sources */ = {isa = PBXBuildFile; fileRef = 5809ACA92C44E9E500FC0497 /* CustomShape.swift */; };
		5809ACAC2C44EB1000FC0497 /* RatingsSizesDetailView.swift in Sources */ = {isa = PBXBuildFile; fileRef = 5809ACAB2C44EB1000FC0497 /* RatingsSizesDetailView.swift */; };
		58410DC62C402D1C0092695E /* TouchdownApp.swift in Sources */ = {isa = PBXBuildFile; fileRef = 58410DC52C402D1C0092695E /* TouchdownApp.swift */; };
		58410DC82C402D1C0092695E /* ContentView.swift in Sources */ = {isa = PBXBuildFile; fileRef = 58410DC72C402D1C0092695E /* ContentView.swift */; };
		58410DCA2C402D1E0092695E /* Assets.xcassets in Resources */ = {isa = PBXBuildFile; fileRef = 58410DC92C402D1E0092695E /* Assets.xcassets */; };
		58410DCD2C402D1E0092695E /* Preview Assets.xcassets in Resources */ = {isa = PBXBuildFile; fileRef = 58410DCC2C402D1E0092695E /* Preview Assets.xcassets */; };
		58410DD42C402D7C0092695E /* Data in Resources */ = {isa = PBXBuildFile; fileRef = 58410DD32C402D7C0092695E /* Data */; };
		58410DDE2C402E4E0092695E /* Constant.swift in Sources */ = {isa = PBXBuildFile; fileRef = 58410DDD2C402E4E0092695E /* Constant.swift */; };
		58410DE02C402EBF0092695E /* FooterView.swift in Sources */ = {isa = PBXBuildFile; fileRef = 58410DDF2C402EBF0092695E /* FooterView.swift */; };
		58410DE22C4037650092695E /* NavigationBarView.swift in Sources */ = {isa = PBXBuildFile; fileRef = 58410DE12C4037650092695E /* NavigationBarView.swift */; };
		58410DE42C4038450092695E /* LogoView.swift in Sources */ = {isa = PBXBuildFile; fileRef = 58410DE32C4038450092695E /* LogoView.swift */; };
/* End PBXBuildFile section */

/* Begin PBXFileReference section */
		5809AC852C403F3600FC0497 /* PlayerModel.swift */ = {isa = PBXFileReference; lastKnownFileType = sourcecode.swift; path = PlayerModel.swift; sourceTree = "<group>"; };
		5809AC872C403F6700FC0497 /* Bundle+Extension.swift */ = {isa = PBXFileReference; lastKnownFileType = sourcecode.swift; path = "Bundle+Extension.swift"; sourceTree = "<group>"; };
		5809AC892C40401F00FC0497 /* FeaturedItemView.swift */ = {isa = PBXFileReference; lastKnownFileType = sourcecode.swift; path = FeaturedItemView.swift; sourceTree = "<group>"; };
		5809AC8B2C40406A00FC0497 /* FeaturedTabView.swift */ = {isa = PBXFileReference; lastKnownFileType = sourcecode.swift; path = FeaturedTabView.swift; sourceTree = "<group>"; };
		5809AC8D2C4185B100FC0497 /* CategoryModel.swift */ = {isa = PBXFileReference; lastKnownFileType = sourcecode.swift; path = CategoryModel.swift; sourceTree = "<group>"; };
		5809AC8F2C41867B00FC0497 /* CategoryItemView.swift */ = {isa = PBXFileReference; lastKnownFileType = sourcecode.swift; path = CategoryItemView.swift; sourceTree = "<group>"; };
		5809AC912C418B9E00FC0497 /* CategoryGridView.swift */ = {isa = PBXFileReference; lastKnownFileType = sourcecode.swift; path = CategoryGridView.swift; sourceTree = "<group>"; };
		5809AC932C418CE900FC0497 /* SectionView.swift */ = {isa = PBXFileReference; lastKnownFileType = sourcecode.swift; path = SectionView.swift; sourceTree = "<group>"; };
		5809AC952C418E5000FC0497 /* TitleView.swift */ = {isa = PBXFileReference; lastKnownFileType = sourcecode.swift; path = TitleView.swift; sourceTree = "<group>"; };
		5809AC972C418F3000FC0497 /* ProductModel.swift */ = {isa = PBXFileReference; lastKnownFileType = sourcecode.swift; path = ProductModel.swift; sourceTree = "<group>"; };
		5809AC992C418F7900FC0497 /* ProductItemView.swift */ = {isa = PBXFileReference; lastKnownFileType = sourcecode.swift; path = ProductItemView.swift; sourceTree = "<group>"; };
		5809AC9B2C4191CF00FC0497 /* BrandModel.swift */ = {isa = PBXFileReference; lastKnownFileType = sourcecode.swift; path = BrandModel.swift; sourceTree = "<group>"; };
		5809AC9D2C4192B000FC0497 /* BrandItemView.swift */ = {isa = PBXFileReference; lastKnownFileType = sourcecode.swift; path = BrandItemView.swift; sourceTree = "<group>"; };
		5809AC9F2C41933000FC0497 /* BrandGridView.swift */ = {isa = PBXFileReference; lastKnownFileType = sourcecode.swift; path = BrandGridView.swift; sourceTree = "<group>"; };
		5809ACA12C44659C00FC0497 /* ProductDetailView.swift */ = {isa = PBXFileReference; lastKnownFileType = sourcecode.swift; path = ProductDetailView.swift; sourceTree = "<group>"; };
		5809ACA32C44663500FC0497 /* NavigationBarDetailView.swift */ = {isa = PBXFileReference; lastKnownFileType = sourcecode.swift; path = NavigationBarDetailView.swift; sourceTree = "<group>"; };
		5809ACA52C44671B00FC0497 /* HeaderDetailView.swift */ = {isa = PBXFileReference; lastKnownFileType = sourcecode.swift; path = HeaderDetailView.swift; sourceTree = "<group>"; };
		5809ACA72C44D1DA00FC0497 /* TopPartDetailView.swift */ = {isa = PBXFileReference; lastKnownFileType = sourcecode.swift; path = TopPartDetailView.swift; sourceTree = "<group>"; };
		5809ACA92C44E9E500FC0497 /* CustomShape.swift */ = {isa = PBXFileReference; lastKnownFileType = sourcecode.swift; path = CustomShape.swift; sourceTree = "<group>"; };
		5809ACAB2C44EB1000FC0497 /* RatingsSizesDetailView.swift */ = {isa = PBXFileReference; lastKnownFileType = sourcecode.swift; path = RatingsSizesDetailView.swift; sourceTree = "<group>"; };
		58410DC22C402D1C0092695E /* Touchdown.app */ = {isa = PBXFileReference; explicitFileType = wrapper.application; includeInIndex = 0; path = Touchdown.app; sourceTree = BUILT_PRODUCTS_DIR; };
		58410DC52C402D1C0092695E /* TouchdownApp.swift */ = {isa = PBXFileReference; lastKnownFileType = sourcecode.swift; path = TouchdownApp.swift; sourceTree = "<group>"; };
		58410DC72C402D1C0092695E /* ContentView.swift */ = {isa = PBXFileReference; lastKnownFileType = sourcecode.swift; path = ContentView.swift; sourceTree = "<group>"; };
		58410DC92C402D1E0092695E /* Assets.xcassets */ = {isa = PBXFileReference; lastKnownFileType = folder.assetcatalog; path = Assets.xcassets; sourceTree = "<group>"; };
		58410DCC2C402D1E0092695E /* Preview Assets.xcassets */ = {isa = PBXFileReference; lastKnownFileType = folder.assetcatalog; path = "Preview Assets.xcassets"; sourceTree = "<group>"; };
		58410DD32C402D7C0092695E /* Data */ = {isa = PBXFileReference; lastKnownFileType = folder; path = Data; sourceTree = "<group>"; };
		58410DD52C402DAE0092695E /* Info.plist */ = {isa = PBXFileReference; lastKnownFileType = text.plist; path = Info.plist; sourceTree = "<group>"; };
		58410DDD2C402E4E0092695E /* Constant.swift */ = {isa = PBXFileReference; lastKnownFileType = sourcecode.swift; path = Constant.swift; sourceTree = "<group>"; };
		58410DDF2C402EBF0092695E /* FooterView.swift */ = {isa = PBXFileReference; lastKnownFileType = sourcecode.swift; path = FooterView.swift; sourceTree = "<group>"; };
		58410DE12C4037650092695E /* NavigationBarView.swift */ = {isa = PBXFileReference; lastKnownFileType = sourcecode.swift; path = NavigationBarView.swift; sourceTree = "<group>"; };
		58410DE32C4038450092695E /* LogoView.swift */ = {isa = PBXFileReference; lastKnownFileType = sourcecode.swift; path = LogoView.swift; sourceTree = "<group>"; };
/* End PBXFileReference section */

/* Begin PBXFrameworksBuildPhase section */
		58410DBF2C402D1C0092695E /* Frameworks */ = {
			isa = PBXFrameworksBuildPhase;
			buildActionMask = 2147483647;
			files = (
			);
			runOnlyForDeploymentPostprocessing = 0;
		};
/* End PBXFrameworksBuildPhase section */

/* Begin PBXGroup section */
		58410DB92C402D1C0092695E = {
			isa = PBXGroup;
			children = (
				58410DC42C402D1C0092695E /* Touchdown */,
				58410DC32C402D1C0092695E /* Products */,
			);
			sourceTree = "<group>";
		};
		58410DC32C402D1C0092695E /* Products */ = {
			isa = PBXGroup;
			children = (
				58410DC22C402D1C0092695E /* Touchdown.app */,
			);
			name = Products;
			sourceTree = "<group>";
		};
		58410DC42C402D1C0092695E /* Touchdown */ = {
			isa = PBXGroup;
			children = (
				58410DDC2C402E420092695E /* Utility */,
				58410DDB2C402E3D0092695E /* Extension */,
				58410DDA2C402E370092695E /* Model */,
				58410DD72C402E1D0092695E /* View */,
				58410DD52C402DAE0092695E /* Info.plist */,
				58410DD62C402E070092695E /* Scene */,
				58410DD32C402D7C0092695E /* Data */,
				58410DC92C402D1E0092695E /* Assets.xcassets */,
				58410DCB2C402D1E0092695E /* Preview Content */,
			);
			path = Touchdown;
			sourceTree = "<group>";
		};
		58410DCB2C402D1E0092695E /* Preview Content */ = {
			isa = PBXGroup;
			children = (
				58410DCC2C402D1E0092695E /* Preview Assets.xcassets */,
			);
			path = "Preview Content";
			sourceTree = "<group>";
		};
		58410DD62C402E070092695E /* Scene */ = {
			isa = PBXGroup;
			children = (
				58410DC52C402D1C0092695E /* TouchdownApp.swift */,
				58410DC72C402D1C0092695E /* ContentView.swift */,
				5809ACA12C44659C00FC0497 /* ProductDetailView.swift */,
			);
			path = Scene;
			sourceTree = "<group>";
		};
		58410DD72C402E1D0092695E /* View */ = {
			isa = PBXGroup;
			children = (
				58410DD92C402E320092695E /* Home */,
				58410DD82C402E2A0092695E /* Detail */,
			);
			path = View;
			sourceTree = "<group>";
		};
		58410DD82C402E2A0092695E /* Detail */ = {
			isa = PBXGroup;
			children = (
				5809ACA32C44663500FC0497 /* NavigationBarDetailView.swift */,
				5809ACA52C44671B00FC0497 /* HeaderDetailView.swift */,
				5809ACA72C44D1DA00FC0497 /* TopPartDetailView.swift */,
				5809ACAB2C44EB1000FC0497 /* RatingsSizesDetailView.swift */,
			);
			path = Detail;
			sourceTree = "<group>";
		};
		58410DD92C402E320092695E /* Home */ = {
			isa = PBXGroup;
			children = (
				58410DDF2C402EBF0092695E /* FooterView.swift */,
				58410DE12C4037650092695E /* NavigationBarView.swift */,
				58410DE32C4038450092695E /* LogoView.swift */,
				5809AC892C40401F00FC0497 /* FeaturedItemView.swift */,
				5809AC8B2C40406A00FC0497 /* FeaturedTabView.swift */,
				5809AC8F2C41867B00FC0497 /* CategoryItemView.swift */,
				5809AC912C418B9E00FC0497 /* CategoryGridView.swift */,
				5809AC932C418CE900FC0497 /* SectionView.swift */,
				5809AC952C418E5000FC0497 /* TitleView.swift */,
				5809AC992C418F7900FC0497 /* ProductItemView.swift */,
				5809AC9D2C4192B000FC0497 /* BrandItemView.swift */,
				5809AC9F2C41933000FC0497 /* BrandGridView.swift */,
			);
			path = Home;
			sourceTree = "<group>";
		};
		58410DDA2C402E370092695E /* Model */ = {
			isa = PBXGroup;
			children = (
				5809AC852C403F3600FC0497 /* PlayerModel.swift */,
				5809AC8D2C4185B100FC0497 /* CategoryModel.swift */,
				5809AC972C418F3000FC0497 /* ProductModel.swift */,
				5809AC9B2C4191CF00FC0497 /* BrandModel.swift */,
			);
			path = Model;
			sourceTree = "<group>";
		};
		58410DDB2C402E3D0092695E /* Extension */ = {
			isa = PBXGroup;
			children = (
				5809AC872C403F6700FC0497 /* Bundle+Extension.swift */,
			);
			path = Extension;
			sourceTree = "<group>";
		};
		58410DDC2C402E420092695E /* Utility */ = {
			isa = PBXGroup;
			children = (
				58410DDD2C402E4E0092695E /* Constant.swift */,
				5809ACA92C44E9E500FC0497 /* CustomShape.swift */,
			);
			path = Utility;
			sourceTree = "<group>";
		};
/* End PBXGroup section */

/* Begin PBXNativeTarget section */
		58410DC12C402D1C0092695E /* Touchdown */ = {
			isa = PBXNativeTarget;
			buildConfigurationList = 58410DD02C402D1E0092695E /* Build configuration list for PBXNativeTarget "Touchdown" */;
			buildPhases = (
				58410DBE2C402D1C0092695E /* Sources */,
				58410DBF2C402D1C0092695E /* Frameworks */,
				58410DC02C402D1C0092695E /* Resources */,
			);
			buildRules = (
			);
			dependencies = (
			);
			name = Touchdown;
			productName = Touchdown;
			productReference = 58410DC22C402D1C0092695E /* Touchdown.app */;
			productType = "com.apple.product-type.application";
		};
/* End PBXNativeTarget section */

/* Begin PBXProject section */
		58410DBA2C402D1C0092695E /* Project object */ = {
			isa = PBXProject;
			attributes = {
				BuildIndependentTargetsInParallel = 1;
				LastSwiftUpdateCheck = 1540;
				LastUpgradeCheck = 1540;
				TargetAttributes = {
					58410DC12C402D1C0092695E = {
						CreatedOnToolsVersion = 15.4;
					};
				};
			};
			buildConfigurationList = 58410DBD2C402D1C0092695E /* Build configuration list for PBXProject "Touchdown" */;
			compatibilityVersion = "Xcode 14.0";
			developmentRegion = en;
			hasScannedForEncodings = 0;
			knownRegions = (
				en,
				Base,
			);
			mainGroup = 58410DB92C402D1C0092695E;
			productRefGroup = 58410DC32C402D1C0092695E /* Products */;
			projectDirPath = "";
			projectRoot = "";
			targets = (
				58410DC12C402D1C0092695E /* Touchdown */,
			);
		};
/* End PBXProject section */

/* Begin PBXResourcesBuildPhase section */
		58410DC02C402D1C0092695E /* Resources */ = {
			isa = PBXResourcesBuildPhase;
			buildActionMask = 2147483647;
			files = (
				58410DCD2C402D1E0092695E /* Preview Assets.xcassets in Resources */,
				58410DCA2C402D1E0092695E /* Assets.xcassets in Resources */,
				58410DD42C402D7C0092695E /* Data in Resources */,
			);
			runOnlyForDeploymentPostprocessing = 0;
		};
/* End PBXResourcesBuildPhase section */

/* Begin PBXSourcesBuildPhase section */
		58410DBE2C402D1C0092695E /* Sources */ = {
			isa = PBXSourcesBuildPhase;
			buildActionMask = 2147483647;
			files = (
				58410DC82C402D1C0092695E /* ContentView.swift in Sources */,
				5809ACA62C44671B00FC0497 /* HeaderDetailView.swift in Sources */,
				5809ACA82C44D1DA00FC0497 /* TopPartDetailView.swift in Sources */,
				58410DE42C4038450092695E /* LogoView.swift in Sources */,
				58410DE02C402EBF0092695E /* FooterView.swift in Sources */,
				5809AC882C403F6700FC0497 /* Bundle+Extension.swift in Sources */,
				5809AC8A2C40401F00FC0497 /* FeaturedItemView.swift in Sources */,
				5809AC9A2C418F7900FC0497 /* ProductItemView.swift in Sources */,
				5809ACA02C41933000FC0497 /* BrandGridView.swift in Sources */,
				5809ACAC2C44EB1000FC0497 /* RatingsSizesDetailView.swift in Sources */,
				58410DC62C402D1C0092695E /* TouchdownApp.swift in Sources */,
				5809ACA22C44659C00FC0497 /* ProductDetailView.swift in Sources */,
				5809ACA42C44663500FC0497 /* NavigationBarDetailView.swift in Sources */,
				58410DDE2C402E4E0092695E /* Constant.swift in Sources */,
				5809AC922C418B9E00FC0497 /* CategoryGridView.swift in Sources */,
				5809AC8E2C4185B100FC0497 /* CategoryModel.swift in Sources */,
				58410DE22C4037650092695E /* NavigationBarView.swift in Sources */,
				5809AC942C418CE900FC0497 /* SectionView.swift in Sources */,
				5809AC9E2C4192B000FC0497 /* BrandItemView.swift in Sources */,
				5809AC902C41867B00FC0497 /* CategoryItemView.swift in Sources */,
				5809AC8C2C40406A00FC0497 /* FeaturedTabView.swift in Sources */,
				5809ACAA2C44E9E500FC0497 /* CustomShape.swift in Sources */,
				5809AC862C403F3600FC0497 /* PlayerModel.swift in Sources */,
				5809AC9C2C4191CF00FC0497 /* BrandModel.swift in Sources */,
				5809AC962C418E5000FC0497 /* TitleView.swift in Sources */,
				5809AC982C418F3000FC0497 /* ProductModel.swift in Sources */,
			);
			runOnlyForDeploymentPostprocessing = 0;
		};
/* End PBXSourcesBuildPhase section */

/* Begin XCBuildConfiguration section */
		58410DCE2C402D1E0092695E /* Debug */ = {
			isa = XCBuildConfiguration;
			buildSettings = {
				ALWAYS_SEARCH_USER_PATHS = NO;
				ASSETCATALOG_COMPILER_GENERATE_SWIFT_ASSET_SYMBOL_EXTENSIONS = YES;
				CLANG_ANALYZER_NONNULL = YES;
				CLANG_ANALYZER_NUMBER_OBJECT_CONVERSION = YES_AGGRESSIVE;
				CLANG_CXX_LANGUAGE_STANDARD = "gnu++20";
				CLANG_ENABLE_MODULES = YES;
				CLANG_ENABLE_OBJC_ARC = YES;
				CLANG_ENABLE_OBJC_WEAK = YES;
				CLANG_WARN_BLOCK_CAPTURE_AUTORELEASING = YES;
				CLANG_WARN_BOOL_CONVERSION = YES;
				CLANG_WARN_COMMA = YES;
				CLANG_WARN_CONSTANT_CONVERSION = YES;
				CLANG_WARN_DEPRECATED_OBJC_IMPLEMENTATIONS = YES;
				CLANG_WARN_DIRECT_OBJC_ISA_USAGE = YES_ERROR;
				CLANG_WARN_DOCUMENTATION_COMMENTS = YES;
				CLANG_WARN_EMPTY_BODY = YES;
				CLANG_WARN_ENUM_CONVERSION = YES;
				CLANG_WARN_INFINITE_RECURSION = YES;
				CLANG_WARN_INT_CONVERSION = YES;
				CLANG_WARN_NON_LITERAL_NULL_CONVERSION = YES;
				CLANG_WARN_OBJC_IMPLICIT_RETAIN_SELF = YES;
				CLANG_WARN_OBJC_LITERAL_CONVERSION = YES;
				CLANG_WARN_OBJC_ROOT_CLASS = YES_ERROR;
				CLANG_WARN_QUOTED_INCLUDE_IN_FRAMEWORK_HEADER = YES;
				CLANG_WARN_RANGE_LOOP_ANALYSIS = YES;
				CLANG_WARN_STRICT_PROTOTYPES = YES;
				CLANG_WARN_SUSPICIOUS_MOVE = YES;
				CLANG_WARN_UNGUARDED_AVAILABILITY = YES_AGGRESSIVE;
				CLANG_WARN_UNREACHABLE_CODE = YES;
				CLANG_WARN__DUPLICATE_METHOD_MATCH = YES;
				COPY_PHASE_STRIP = NO;
				DEBUG_INFORMATION_FORMAT = dwarf;
				ENABLE_STRICT_OBJC_MSGSEND = YES;
				ENABLE_TESTABILITY = YES;
				ENABLE_USER_SCRIPT_SANDBOXING = YES;
				GCC_C_LANGUAGE_STANDARD = gnu17;
				GCC_DYNAMIC_NO_PIC = NO;
				GCC_NO_COMMON_BLOCKS = YES;
				GCC_OPTIMIZATION_LEVEL = 0;
				GCC_PREPROCESSOR_DEFINITIONS = (
					"DEBUG=1",
					"$(inherited)",
				);
				GCC_WARN_64_TO_32_BIT_CONVERSION = YES;
				GCC_WARN_ABOUT_RETURN_TYPE = YES_ERROR;
				GCC_WARN_UNDECLARED_SELECTOR = YES;
				GCC_WARN_UNINITIALIZED_AUTOS = YES_AGGRESSIVE;
				GCC_WARN_UNUSED_FUNCTION = YES;
				GCC_WARN_UNUSED_VARIABLE = YES;
				IPHONEOS_DEPLOYMENT_TARGET = 17.5;
				LOCALIZATION_PREFERS_STRING_CATALOGS = YES;
				MTL_ENABLE_DEBUG_INFO = INCLUDE_SOURCE;
				MTL_FAST_MATH = YES;
				ONLY_ACTIVE_ARCH = YES;
				SDKROOT = iphoneos;
				SWIFT_ACTIVE_COMPILATION_CONDITIONS = "DEBUG $(inherited)";
				SWIFT_OPTIMIZATION_LEVEL = "-Onone";
			};
			name = Debug;
		};
		58410DCF2C402D1E0092695E /* Release */ = {
			isa = XCBuildConfiguration;
			buildSettings = {
				ALWAYS_SEARCH_USER_PATHS = NO;
				ASSETCATALOG_COMPILER_GENERATE_SWIFT_ASSET_SYMBOL_EXTENSIONS = YES;
				CLANG_ANALYZER_NONNULL = YES;
				CLANG_ANALYZER_NUMBER_OBJECT_CONVERSION = YES_AGGRESSIVE;
				CLANG_CXX_LANGUAGE_STANDARD = "gnu++20";
				CLANG_ENABLE_MODULES = YES;
				CLANG_ENABLE_OBJC_ARC = YES;
				CLANG_ENABLE_OBJC_WEAK = YES;
				CLANG_WARN_BLOCK_CAPTURE_AUTORELEASING = YES;
				CLANG_WARN_BOOL_CONVERSION = YES;
				CLANG_WARN_COMMA = YES;
				CLANG_WARN_CONSTANT_CONVERSION = YES;
				CLANG_WARN_DEPRECATED_OBJC_IMPLEMENTATIONS = YES;
				CLANG_WARN_DIRECT_OBJC_ISA_USAGE = YES_ERROR;
				CLANG_WARN_DOCUMENTATION_COMMENTS = YES;
				CLANG_WARN_EMPTY_BODY = YES;
				CLANG_WARN_ENUM_CONVERSION = YES;
				CLANG_WARN_INFINITE_RECURSION = YES;
				CLANG_WARN_INT_CONVERSION = YES;
				CLANG_WARN_NON_LITERAL_NULL_CONVERSION = YES;
				CLANG_WARN_OBJC_IMPLICIT_RETAIN_SELF = YES;
				CLANG_WARN_OBJC_LITERAL_CONVERSION = YES;
				CLANG_WARN_OBJC_ROOT_CLASS = YES_ERROR;
				CLANG_WARN_QUOTED_INCLUDE_IN_FRAMEWORK_HEADER = YES;
				CLANG_WARN_RANGE_LOOP_ANALYSIS = YES;
				CLANG_WARN_STRICT_PROTOTYPES = YES;
				CLANG_WARN_SUSPICIOUS_MOVE = YES;
				CLANG_WARN_UNGUARDED_AVAILABILITY = YES_AGGRESSIVE;
				CLANG_WARN_UNREACHABLE_CODE = YES;
				CLANG_WARN__DUPLICATE_METHOD_MATCH = YES;
				COPY_PHASE_STRIP = NO;
				DEBUG_INFORMATION_FORMAT = "dwarf-with-dsym";
				ENABLE_NS_ASSERTIONS = NO;
				ENABLE_STRICT_OBJC_MSGSEND = YES;
				ENABLE_USER_SCRIPT_SANDBOXING = YES;
				GCC_C_LANGUAGE_STANDARD = gnu17;
				GCC_NO_COMMON_BLOCKS = YES;
				GCC_WARN_64_TO_32_BIT_CONVERSION = YES;
				GCC_WARN_ABOUT_RETURN_TYPE = YES_ERROR;
				GCC_WARN_UNDECLARED_SELECTOR = YES;
				GCC_WARN_UNINITIALIZED_AUTOS = YES_AGGRESSIVE;
				GCC_WARN_UNUSED_FUNCTION = YES;
				GCC_WARN_UNUSED_VARIABLE = YES;
				IPHONEOS_DEPLOYMENT_TARGET = 17.5;
				LOCALIZATION_PREFERS_STRING_CATALOGS = YES;
				MTL_ENABLE_DEBUG_INFO = NO;
				MTL_FAST_MATH = YES;
				SDKROOT = iphoneos;
				SWIFT_COMPILATION_MODE = wholemodule;
				VALIDATE_PRODUCT = YES;
			};
			name = Release;
		};
		58410DD12C402D1E0092695E /* Debug */ = {
			isa = XCBuildConfiguration;
			buildSettings = {
				ASSETCATALOG_COMPILER_APPICON_NAME = AppIcon;
				ASSETCATALOG_COMPILER_GLOBAL_ACCENT_COLOR_NAME = AccentColor;
				CODE_SIGN_STYLE = Automatic;
				CURRENT_PROJECT_VERSION = 1;
				DEVELOPMENT_ASSET_PATHS = "\"Touchdown/Preview Content\"";
				DEVELOPMENT_TEAM = 7655W2DD35;
				ENABLE_PREVIEWS = YES;
				GENERATE_INFOPLIST_FILE = YES;
				INFOPLIST_FILE = Touchdown/Info.plist;
				INFOPLIST_KEY_UIApplicationSceneManifest_Generation = YES;
				INFOPLIST_KEY_UIApplicationSupportsIndirectInputEvents = YES;
				INFOPLIST_KEY_UISupportedInterfaceOrientations_iPad = "UIInterfaceOrientationPortrait UIInterfaceOrientationPortraitUpsideDown UIInterfaceOrientationLandscapeLeft UIInterfaceOrientationLandscapeRight";
				INFOPLIST_KEY_UISupportedInterfaceOrientations_iPhone = "UIInterfaceOrientationPortrait UIInterfaceOrientationLandscapeLeft UIInterfaceOrientationLandscapeRight";
				INFOPLIST_KEY_UIUserInterfaceStyle = Light;
				LD_RUNPATH_SEARCH_PATHS = (
					"$(inherited)",
					"@executable_path/Frameworks",
				);
				MARKETING_VERSION = 1.0;
				PRODUCT_BUNDLE_IDENTIFIER = com.tourmate.Touchdown;
				PRODUCT_NAME = "$(TARGET_NAME)";
				SWIFT_EMIT_LOC_STRINGS = YES;
				SWIFT_VERSION = 5.0;
				TARGETED_DEVICE_FAMILY = "1,2";
			};
			name = Debug;
		};
		58410DD22C402D1E0092695E /* Release */ = {
			isa = XCBuildConfiguration;
			buildSettings = {
				ASSETCATALOG_COMPILER_APPICON_NAME = AppIcon;
				ASSETCATALOG_COMPILER_GLOBAL_ACCENT_COLOR_NAME = AccentColor;
				CODE_SIGN_STYLE = Automatic;
				CURRENT_PROJECT_VERSION = 1;
				DEVELOPMENT_ASSET_PATHS = "\"Touchdown/Preview Content\"";
				DEVELOPMENT_TEAM = 7655W2DD35;
				ENABLE_PREVIEWS = YES;
				GENERATE_INFOPLIST_FILE = YES;
				INFOPLIST_FILE = Touchdown/Info.plist;
				INFOPLIST_KEY_UIApplicationSceneManifest_Generation = YES;
				INFOPLIST_KEY_UIApplicationSupportsIndirectInputEvents = YES;
				INFOPLIST_KEY_UISupportedInterfaceOrientations_iPad = "UIInterfaceOrientationPortrait UIInterfaceOrientationPortraitUpsideDown UIInterfaceOrientationLandscapeLeft UIInterfaceOrientationLandscapeRight";
				INFOPLIST_KEY_UISupportedInterfaceOrientations_iPhone = "UIInterfaceOrientationPortrait UIInterfaceOrientationLandscapeLeft UIInterfaceOrientationLandscapeRight";
				INFOPLIST_KEY_UIUserInterfaceStyle = Light;
				LD_RUNPATH_SEARCH_PATHS = (
					"$(inherited)",
					"@executable_path/Frameworks",
				);
				MARKETING_VERSION = 1.0;
				PRODUCT_BUNDLE_IDENTIFIER = com.tourmate.Touchdown;
				PRODUCT_NAME = "$(TARGET_NAME)";
				SWIFT_EMIT_LOC_STRINGS = YES;
				SWIFT_VERSION = 5.0;
				TARGETED_DEVICE_FAMILY = "1,2";
			};
			name = Release;
		};
/* End XCBuildConfiguration section */

/* Begin XCConfigurationList section */
		58410DBD2C402D1C0092695E /* Build configuration list for PBXProject "Touchdown" */ = {
			isa = XCConfigurationList;
			buildConfigurations = (
				58410DCE2C402D1E0092695E /* Debug */,
				58410DCF2C402D1E0092695E /* Release */,
			);
			defaultConfigurationIsVisible = 0;
			defaultConfigurationName = Release;
		};
		58410DD02C402D1E0092695E /* Build configuration list for PBXNativeTarget "Touchdown" */ = {
			isa = XCConfigurationList;
			buildConfigurations = (
				58410DD12C402D1E0092695E /* Debug */,
				58410DD22C402D1E0092695E /* Release */,
			);
			defaultConfigurationIsVisible = 0;
			defaultConfigurationName = Release;
		};
/* End XCConfigurationList section */
	};
	rootObject = 58410DBA2C402D1C0092695E /* Project object */;
}
