// !$*UTF8*$!
{
	archiveVersion = 1;
	classes = {
	};
	objectVersion = 56;
	objects = {

/* Begin PBXBuildFile section */
		583FF4342C3C44FB00FDD161 /* AfricaApp.swift in Sources */ = {isa = PBXBuildFile; fileRef = 583FF4332C3C44FB00FDD161 /* AfricaApp.swift */; };
		583FF4362C3C44FB00FDD161 /* ContentView.swift in Sources */ = {isa = PBXBuildFile; fileRef = 583FF4352C3C44FB00FDD161 /* ContentView.swift */; };
		583FF4382C3C44FC00FDD161 /* Assets.xcassets in Resources */ = {isa = PBXBuildFile; fileRef = 583FF4372C3C44FC00FDD161 /* Assets.xcassets */; };
		583FF43B2C3C44FC00FDD161 /* Preview Assets.xcassets in Resources */ = {isa = PBXBuildFile; fileRef = 583FF43A2C3C44FC00FDD161 /* Preview Assets.xcassets */; };
		583FF4422C3C45A700FDD161 /* Video in Resources */ = {isa = PBXBuildFile; fileRef = 583FF4412C3C45A700FDD161 /* Video */; };
		583FF4442C3C45C700FDD161 /* Data in Resources */ = {isa = PBXBuildFile; fileRef = 583FF4432C3C45C700FDD161 /* Data */; };
		583FF4482C3C470B00FDD161 /* VideoListView.swift in Sources */ = {isa = PBXBuildFile; fileRef = 583FF4472C3C470B00FDD161 /* VideoListView.swift */; };
		583FF44A2C3C471A00FDD161 /* MapView.swift in Sources */ = {isa = PBXBuildFile; fileRef = 583FF4492C3C471A00FDD161 /* MapView.swift */; };
		583FF44C2C3C472D00FDD161 /* GalleryView.swift in Sources */ = {isa = PBXBuildFile; fileRef = 583FF44B2C3C472D00FDD161 /* GalleryView.swift */; };
		583FF44E2C3C473900FDD161 /* MainView.swift in Sources */ = {isa = PBXBuildFile; fileRef = 583FF44D2C3C473900FDD161 /* MainView.swift */; };
		583FF4512C3C4C8C00FDD161 /* CoverImageView.swift in Sources */ = {isa = PBXBuildFile; fileRef = 583FF4502C3C4C8C00FDD161 /* CoverImageView.swift */; };
		58410D6A2C3C4DBA0092695E /* CoverImageModel.swift in Sources */ = {isa = PBXBuildFile; fileRef = 58410D692C3C4DBA0092695E /* CoverImageModel.swift */; };
		58410D6D2C3C4E160092695E /* Bundle+Extension.swift in Sources */ = {isa = PBXBuildFile; fileRef = 58410D6C2C3C4E160092695E /* Bundle+Extension.swift */; };
		58410D6F2C3C51690092695E /* AnimalListItemView.swift in Sources */ = {isa = PBXBuildFile; fileRef = 58410D6E2C3C51690092695E /* AnimalListItemView.swift */; };
		58410D712C3C526D0092695E /* AnimalModel.swift in Sources */ = {isa = PBXBuildFile; fileRef = 58410D702C3C526D0092695E /* AnimalModel.swift */; };
		58410D732C3D06270092695E /* AnimalDetailView.swift in Sources */ = {isa = PBXBuildFile; fileRef = 58410D722C3D06270092695E /* AnimalDetailView.swift */; };
		58410D752C3D07B20092695E /* HeadingView.swift in Sources */ = {isa = PBXBuildFile; fileRef = 58410D742C3D07B20092695E /* HeadingView.swift */; };
		58410D772C3D08D40092695E /* InsetGalleryView.swift in Sources */ = {isa = PBXBuildFile; fileRef = 58410D762C3D08D40092695E /* InsetGalleryView.swift */; };
		58410D792C3D0A240092695E /* InsetFactView.swift in Sources */ = {isa = PBXBuildFile; fileRef = 58410D782C3D0A240092695E /* InsetFactView.swift */; };
		58410D7B2C3D0E0E0092695E /* InsetMapView.swift in Sources */ = {isa = PBXBuildFile; fileRef = 58410D7A2C3D0E0E0092695E /* InsetMapView.swift */; };
		58410D7D2C3D0FF70092695E /* ExternalWeblinkView.swift in Sources */ = {isa = PBXBuildFile; fileRef = 58410D7C2C3D0FF70092695E /* ExternalWeblinkView.swift */; };
		58410D7F2C3D7A9F0092695E /* VideoModel.swift in Sources */ = {isa = PBXBuildFile; fileRef = 58410D7E2C3D7A9F0092695E /* VideoModel.swift */; };
		58410D812C3D7ADB0092695E /* VideoListItemView.swift in Sources */ = {isa = PBXBuildFile; fileRef = 58410D802C3D7ADB0092695E /* VideoListItemView.swift */; };
/* End PBXBuildFile section */

/* Begin PBXFileReference section */
		583FF4302C3C44FB00FDD161 /* Africa.app */ = {isa = PBXFileReference; explicitFileType = wrapper.application; includeInIndex = 0; path = Africa.app; sourceTree = BUILT_PRODUCTS_DIR; };
		583FF4332C3C44FB00FDD161 /* AfricaApp.swift */ = {isa = PBXFileReference; lastKnownFileType = sourcecode.swift; path = AfricaApp.swift; sourceTree = "<group>"; };
		583FF4352C3C44FB00FDD161 /* ContentView.swift */ = {isa = PBXFileReference; lastKnownFileType = sourcecode.swift; path = ContentView.swift; sourceTree = "<group>"; };
		583FF4372C3C44FC00FDD161 /* Assets.xcassets */ = {isa = PBXFileReference; lastKnownFileType = folder.assetcatalog; path = Assets.xcassets; sourceTree = "<group>"; };
		583FF43A2C3C44FC00FDD161 /* Preview Assets.xcassets */ = {isa = PBXFileReference; lastKnownFileType = folder.assetcatalog; path = "Preview Assets.xcassets"; sourceTree = "<group>"; };
		583FF4412C3C45A700FDD161 /* Video */ = {isa = PBXFileReference; lastKnownFileType = folder; path = Video; sourceTree = "<group>"; };
		583FF4432C3C45C700FDD161 /* Data */ = {isa = PBXFileReference; lastKnownFileType = folder; path = Data; sourceTree = "<group>"; };
		583FF4452C3C466600FDD161 /* Info.plist */ = {isa = PBXFileReference; lastKnownFileType = text.plist; path = Info.plist; sourceTree = "<group>"; };
		583FF4472C3C470B00FDD161 /* VideoListView.swift */ = {isa = PBXFileReference; lastKnownFileType = sourcecode.swift; path = VideoListView.swift; sourceTree = "<group>"; };
		583FF4492C3C471A00FDD161 /* MapView.swift */ = {isa = PBXFileReference; lastKnownFileType = sourcecode.swift; path = MapView.swift; sourceTree = "<group>"; };
		583FF44B2C3C472D00FDD161 /* GalleryView.swift */ = {isa = PBXFileReference; lastKnownFileType = sourcecode.swift; path = GalleryView.swift; sourceTree = "<group>"; };
		583FF44D2C3C473900FDD161 /* MainView.swift */ = {isa = PBXFileReference; lastKnownFileType = sourcecode.swift; path = MainView.swift; sourceTree = "<group>"; };
		583FF4502C3C4C8C00FDD161 /* CoverImageView.swift */ = {isa = PBXFileReference; lastKnownFileType = sourcecode.swift; path = CoverImageView.swift; sourceTree = "<group>"; };
		58410D692C3C4DBA0092695E /* CoverImageModel.swift */ = {isa = PBXFileReference; lastKnownFileType = sourcecode.swift; path = CoverImageModel.swift; sourceTree = "<group>"; };
		58410D6C2C3C4E160092695E /* Bundle+Extension.swift */ = {isa = PBXFileReference; lastKnownFileType = sourcecode.swift; path = "Bundle+Extension.swift"; sourceTree = "<group>"; };
		58410D6E2C3C51690092695E /* AnimalListItemView.swift */ = {isa = PBXFileReference; lastKnownFileType = sourcecode.swift; path = AnimalListItemView.swift; sourceTree = "<group>"; };
		58410D702C3C526D0092695E /* AnimalModel.swift */ = {isa = PBXFileReference; lastKnownFileType = sourcecode.swift; path = AnimalModel.swift; sourceTree = "<group>"; };
		58410D722C3D06270092695E /* AnimalDetailView.swift */ = {isa = PBXFileReference; lastKnownFileType = sourcecode.swift; path = AnimalDetailView.swift; sourceTree = "<group>"; };
		58410D742C3D07B20092695E /* HeadingView.swift */ = {isa = PBXFileReference; lastKnownFileType = sourcecode.swift; path = HeadingView.swift; sourceTree = "<group>"; };
		58410D762C3D08D40092695E /* InsetGalleryView.swift */ = {isa = PBXFileReference; lastKnownFileType = sourcecode.swift; path = InsetGalleryView.swift; sourceTree = "<group>"; };
		58410D782C3D0A240092695E /* InsetFactView.swift */ = {isa = PBXFileReference; lastKnownFileType = sourcecode.swift; path = InsetFactView.swift; sourceTree = "<group>"; };
		58410D7A2C3D0E0E0092695E /* InsetMapView.swift */ = {isa = PBXFileReference; lastKnownFileType = sourcecode.swift; path = InsetMapView.swift; sourceTree = "<group>"; };
		58410D7C2C3D0FF70092695E /* ExternalWeblinkView.swift */ = {isa = PBXFileReference; lastKnownFileType = sourcecode.swift; path = ExternalWeblinkView.swift; sourceTree = "<group>"; };
		58410D7E2C3D7A9F0092695E /* VideoModel.swift */ = {isa = PBXFileReference; lastKnownFileType = sourcecode.swift; path = VideoModel.swift; sourceTree = "<group>"; };
		58410D802C3D7ADB0092695E /* VideoListItemView.swift */ = {isa = PBXFileReference; lastKnownFileType = sourcecode.swift; path = VideoListItemView.swift; sourceTree = "<group>"; };
/* End PBXFileReference section */

/* Begin PBXFrameworksBuildPhase section */
		583FF42D2C3C44FB00FDD161 /* Frameworks */ = {
			isa = PBXFrameworksBuildPhase;
			buildActionMask = 2147483647;
			files = (
			);
			runOnlyForDeploymentPostprocessing = 0;
		};
/* End PBXFrameworksBuildPhase section */

/* Begin PBXGroup section */
		583FF4272C3C44FB00FDD161 = {
			isa = PBXGroup;
			children = (
				583FF4322C3C44FB00FDD161 /* Africa */,
				583FF4312C3C44FB00FDD161 /* Products */,
			);
			sourceTree = "<group>";
		};
		583FF4312C3C44FB00FDD161 /* Products */ = {
			isa = PBXGroup;
			children = (
				583FF4302C3C44FB00FDD161 /* Africa.app */,
			);
			name = Products;
			sourceTree = "<group>";
		};
		583FF4322C3C44FB00FDD161 /* Africa */ = {
			isa = PBXGroup;
			children = (
				58410D6B2C3C4E0C0092695E /* Extension */,
				58410D682C3C4DB20092695E /* Model */,
				583FF44F2C3C4C8400FDD161 /* View */,
				583FF4462C3C46E300FDD161 /* Scene */,
				583FF4452C3C466600FDD161 /* Info.plist */,
				583FF4412C3C45A700FDD161 /* Video */,
				583FF4432C3C45C700FDD161 /* Data */,
				583FF4372C3C44FC00FDD161 /* Assets.xcassets */,
				583FF4392C3C44FC00FDD161 /* Preview Content */,
			);
			path = Africa;
			sourceTree = "<group>";
		};
		583FF4392C3C44FC00FDD161 /* Preview Content */ = {
			isa = PBXGroup;
			children = (
				583FF43A2C3C44FC00FDD161 /* Preview Assets.xcassets */,
			);
			path = "Preview Content";
			sourceTree = "<group>";
		};
		583FF4462C3C46E300FDD161 /* Scene */ = {
			isa = PBXGroup;
			children = (
				583FF4332C3C44FB00FDD161 /* AfricaApp.swift */,
				583FF4352C3C44FB00FDD161 /* ContentView.swift */,
				583FF4472C3C470B00FDD161 /* VideoListView.swift */,
				583FF4492C3C471A00FDD161 /* MapView.swift */,
				583FF44B2C3C472D00FDD161 /* GalleryView.swift */,
				583FF44D2C3C473900FDD161 /* MainView.swift */,
			);
			path = Scene;
			sourceTree = "<group>";
		};
		583FF44F2C3C4C8400FDD161 /* View */ = {
			isa = PBXGroup;
			children = (
				583FF4502C3C4C8C00FDD161 /* CoverImageView.swift */,
				58410D6E2C3C51690092695E /* AnimalListItemView.swift */,
				58410D722C3D06270092695E /* AnimalDetailView.swift */,
				58410D742C3D07B20092695E /* HeadingView.swift */,
				58410D762C3D08D40092695E /* InsetGalleryView.swift */,
				58410D782C3D0A240092695E /* InsetFactView.swift */,
				58410D7A2C3D0E0E0092695E /* InsetMapView.swift */,
				58410D7C2C3D0FF70092695E /* ExternalWeblinkView.swift */,
				58410D802C3D7ADB0092695E /* VideoListItemView.swift */,
			);
			path = View;
			sourceTree = "<group>";
		};
		58410D682C3C4DB20092695E /* Model */ = {
			isa = PBXGroup;
			children = (
				58410D692C3C4DBA0092695E /* CoverImageModel.swift */,
				58410D702C3C526D0092695E /* AnimalModel.swift */,
				58410D7E2C3D7A9F0092695E /* VideoModel.swift */,
			);
			path = Model;
			sourceTree = "<group>";
		};
		58410D6B2C3C4E0C0092695E /* Extension */ = {
			isa = PBXGroup;
			children = (
				58410D6C2C3C4E160092695E /* Bundle+Extension.swift */,
			);
			path = Extension;
			sourceTree = "<group>";
		};
/* End PBXGroup section */

/* Begin PBXNativeTarget section */
		583FF42F2C3C44FB00FDD161 /* Africa */ = {
			isa = PBXNativeTarget;
			buildConfigurationList = 583FF43E2C3C44FC00FDD161 /* Build configuration list for PBXNativeTarget "Africa" */;
			buildPhases = (
				583FF42C2C3C44FB00FDD161 /* Sources */,
				583FF42D2C3C44FB00FDD161 /* Frameworks */,
				583FF42E2C3C44FB00FDD161 /* Resources */,
			);
			buildRules = (
			);
			dependencies = (
			);
			name = Africa;
			productName = Africa;
			productReference = 583FF4302C3C44FB00FDD161 /* Africa.app */;
			productType = "com.apple.product-type.application";
		};
/* End PBXNativeTarget section */

/* Begin PBXProject section */
		583FF4282C3C44FB00FDD161 /* Project object */ = {
			isa = PBXProject;
			attributes = {
				BuildIndependentTargetsInParallel = 1;
				LastSwiftUpdateCheck = 1540;
				LastUpgradeCheck = 1540;
				TargetAttributes = {
					583FF42F2C3C44FB00FDD161 = {
						CreatedOnToolsVersion = 15.4;
					};
				};
			};
			buildConfigurationList = 583FF42B2C3C44FB00FDD161 /* Build configuration list for PBXProject "Africa" */;
			compatibilityVersion = "Xcode 14.0";
			developmentRegion = en;
			hasScannedForEncodings = 0;
			knownRegions = (
				en,
				Base,
			);
			mainGroup = 583FF4272C3C44FB00FDD161;
			productRefGroup = 583FF4312C3C44FB00FDD161 /* Products */;
			projectDirPath = "";
			projectRoot = "";
			targets = (
				583FF42F2C3C44FB00FDD161 /* Africa */,
			);
		};
/* End PBXProject section */

/* Begin PBXResourcesBuildPhase section */
		583FF42E2C3C44FB00FDD161 /* Resources */ = {
			isa = PBXResourcesBuildPhase;
			buildActionMask = 2147483647;
			files = (
				583FF4422C3C45A700FDD161 /* Video in Resources */,
				583FF43B2C3C44FC00FDD161 /* Preview Assets.xcassets in Resources */,
				583FF4442C3C45C700FDD161 /* Data in Resources */,
				583FF4382C3C44FC00FDD161 /* Assets.xcassets in Resources */,
			);
			runOnlyForDeploymentPostprocessing = 0;
		};
/* End PBXResourcesBuildPhase section */

/* Begin PBXSourcesBuildPhase section */
		583FF42C2C3C44FB00FDD161 /* Sources */ = {
			isa = PBXSourcesBuildPhase;
			buildActionMask = 2147483647;
			files = (
				58410D7D2C3D0FF70092695E /* ExternalWeblinkView.swift in Sources */,
				583FF4362C3C44FB00FDD161 /* ContentView.swift in Sources */,
				58410D6F2C3C51690092695E /* AnimalListItemView.swift in Sources */,
				58410D6D2C3C4E160092695E /* Bundle+Extension.swift in Sources */,
				58410D792C3D0A240092695E /* InsetFactView.swift in Sources */,
				583FF44E2C3C473900FDD161 /* MainView.swift in Sources */,
				583FF4512C3C4C8C00FDD161 /* CoverImageView.swift in Sources */,
				58410D732C3D06270092695E /* AnimalDetailView.swift in Sources */,
				58410D712C3C526D0092695E /* AnimalModel.swift in Sources */,
				58410D6A2C3C4DBA0092695E /* CoverImageModel.swift in Sources */,
				58410D7B2C3D0E0E0092695E /* InsetMapView.swift in Sources */,
				583FF44A2C3C471A00FDD161 /* MapView.swift in Sources */,
				583FF4342C3C44FB00FDD161 /* AfricaApp.swift in Sources */,
				58410D7F2C3D7A9F0092695E /* VideoModel.swift in Sources */,
				583FF4482C3C470B00FDD161 /* VideoListView.swift in Sources */,
				58410D772C3D08D40092695E /* InsetGalleryView.swift in Sources */,
				58410D812C3D7ADB0092695E /* VideoListItemView.swift in Sources */,
				583FF44C2C3C472D00FDD161 /* GalleryView.swift in Sources */,
				58410D752C3D07B20092695E /* HeadingView.swift in Sources */,
			);
			runOnlyForDeploymentPostprocessing = 0;
		};
/* End PBXSourcesBuildPhase section */

/* Begin XCBuildConfiguration section */
		583FF43C2C3C44FC00FDD161 /* Debug */ = {
			isa = XCBuildConfiguration;
			buildSettings = {
				ALWAYS_SEARCH_USER_PATHS = NO;
				ASSETCATALOG_COMPILER_GENERATE_SWIFT_ASSET_SYMBOL_EXTENSIONS = YES;
				CLANG_ANALYZER_NONNULL = YES;
				CLANG_ANALYZER_NUMBER_OBJECT_CONVERSION = YES_AGGRESSIVE;
				CLANG_CXX_LANGUAGE_STANDARD = "gnu++20";
				CLANG_ENABLE_MODULES = YES;
				CLANG_ENABLE_OBJC_ARC = YES;
				CLANG_ENABLE_OBJC_WEAK = YES;
				CLANG_WARN_BLOCK_CAPTURE_AUTORELEASING = YES;
				CLANG_WARN_BOOL_CONVERSION = YES;
				CLANG_WARN_COMMA = YES;
				CLANG_WARN_CONSTANT_CONVERSION = YES;
				CLANG_WARN_DEPRECATED_OBJC_IMPLEMENTATIONS = YES;
				CLANG_WARN_DIRECT_OBJC_ISA_USAGE = YES_ERROR;
				CLANG_WARN_DOCUMENTATION_COMMENTS = YES;
				CLANG_WARN_EMPTY_BODY = YES;
				CLANG_WARN_ENUM_CONVERSION = YES;
				CLANG_WARN_INFINITE_RECURSION = YES;
				CLANG_WARN_INT_CONVERSION = YES;
				CLANG_WARN_NON_LITERAL_NULL_CONVERSION = YES;
				CLANG_WARN_OBJC_IMPLICIT_RETAIN_SELF = YES;
				CLANG_WARN_OBJC_LITERAL_CONVERSION = YES;
				CLANG_WARN_OBJC_ROOT_CLASS = YES_ERROR;
				CLANG_WARN_QUOTED_INCLUDE_IN_FRAMEWORK_HEADER = YES;
				CLANG_WARN_RANGE_LOOP_ANALYSIS = YES;
				CLANG_WARN_STRICT_PROTOTYPES = YES;
				CLANG_WARN_SUSPICIOUS_MOVE = YES;
				CLANG_WARN_UNGUARDED_AVAILABILITY = YES_AGGRESSIVE;
				CLANG_WARN_UNREACHABLE_CODE = YES;
				CLANG_WARN__DUPLICATE_METHOD_MATCH = YES;
				COPY_PHASE_STRIP = NO;
				DEBUG_INFORMATION_FORMAT = dwarf;
				ENABLE_STRICT_OBJC_MSGSEND = YES;
				ENABLE_TESTABILITY = YES;
				ENABLE_USER_SCRIPT_SANDBOXING = YES;
				GCC_C_LANGUAGE_STANDARD = gnu17;
				GCC_DYNAMIC_NO_PIC = NO;
				GCC_NO_COMMON_BLOCKS = YES;
				GCC_OPTIMIZATION_LEVEL = 0;
				GCC_PREPROCESSOR_DEFINITIONS = (
					"DEBUG=1",
					"$(inherited)",
				);
				GCC_WARN_64_TO_32_BIT_CONVERSION = YES;
				GCC_WARN_ABOUT_RETURN_TYPE = YES_ERROR;
				GCC_WARN_UNDECLARED_SELECTOR = YES;
				GCC_WARN_UNINITIALIZED_AUTOS = YES_AGGRESSIVE;
				GCC_WARN_UNUSED_FUNCTION = YES;
				GCC_WARN_UNUSED_VARIABLE = YES;
				IPHONEOS_DEPLOYMENT_TARGET = 17.5;
				LOCALIZATION_PREFERS_STRING_CATALOGS = YES;
				MTL_ENABLE_DEBUG_INFO = INCLUDE_SOURCE;
				MTL_FAST_MATH = YES;
				ONLY_ACTIVE_ARCH = YES;
				SDKROOT = iphoneos;
				SWIFT_ACTIVE_COMPILATION_CONDITIONS = "DEBUG $(inherited)";
				SWIFT_OPTIMIZATION_LEVEL = "-Onone";
			};
			name = Debug;
		};
		583FF43D2C3C44FC00FDD161 /* Release */ = {
			isa = XCBuildConfiguration;
			buildSettings = {
				ALWAYS_SEARCH_USER_PATHS = NO;
				ASSETCATALOG_COMPILER_GENERATE_SWIFT_ASSET_SYMBOL_EXTENSIONS = YES;
				CLANG_ANALYZER_NONNULL = YES;
				CLANG_ANALYZER_NUMBER_OBJECT_CONVERSION = YES_AGGRESSIVE;
				CLANG_CXX_LANGUAGE_STANDARD = "gnu++20";
				CLANG_ENABLE_MODULES = YES;
				CLANG_ENABLE_OBJC_ARC = YES;
				CLANG_ENABLE_OBJC_WEAK = YES;
				CLANG_WARN_BLOCK_CAPTURE_AUTORELEASING = YES;
				CLANG_WARN_BOOL_CONVERSION = YES;
				CLANG_WARN_COMMA = YES;
				CLANG_WARN_CONSTANT_CONVERSION = YES;
				CLANG_WARN_DEPRECATED_OBJC_IMPLEMENTATIONS = YES;
				CLANG_WARN_DIRECT_OBJC_ISA_USAGE = YES_ERROR;
				CLANG_WARN_DOCUMENTATION_COMMENTS = YES;
				CLANG_WARN_EMPTY_BODY = YES;
				CLANG_WARN_ENUM_CONVERSION = YES;
				CLANG_WARN_INFINITE_RECURSION = YES;
				CLANG_WARN_INT_CONVERSION = YES;
				CLANG_WARN_NON_LITERAL_NULL_CONVERSION = YES;
				CLANG_WARN_OBJC_IMPLICIT_RETAIN_SELF = YES;
				CLANG_WARN_OBJC_LITERAL_CONVERSION = YES;
				CLANG_WARN_OBJC_ROOT_CLASS = YES_ERROR;
				CLANG_WARN_QUOTED_INCLUDE_IN_FRAMEWORK_HEADER = YES;
				CLANG_WARN_RANGE_LOOP_ANALYSIS = YES;
				CLANG_WARN_STRICT_PROTOTYPES = YES;
				CLANG_WARN_SUSPICIOUS_MOVE = YES;
				CLANG_WARN_UNGUARDED_AVAILABILITY = YES_AGGRESSIVE;
				CLANG_WARN_UNREACHABLE_CODE = YES;
				CLANG_WARN__DUPLICATE_METHOD_MATCH = YES;
				COPY_PHASE_STRIP = NO;
				DEBUG_INFORMATION_FORMAT = "dwarf-with-dsym";
				ENABLE_NS_ASSERTIONS = NO;
				ENABLE_STRICT_OBJC_MSGSEND = YES;
				ENABLE_USER_SCRIPT_SANDBOXING = YES;
				GCC_C_LANGUAGE_STANDARD = gnu17;
				GCC_NO_COMMON_BLOCKS = YES;
				GCC_WARN_64_TO_32_BIT_CONVERSION = YES;
				GCC_WARN_ABOUT_RETURN_TYPE = YES_ERROR;
				GCC_WARN_UNDECLARED_SELECTOR = YES;
				GCC_WARN_UNINITIALIZED_AUTOS = YES_AGGRESSIVE;
				GCC_WARN_UNUSED_FUNCTION = YES;
				GCC_WARN_UNUSED_VARIABLE = YES;
				IPHONEOS_DEPLOYMENT_TARGET = 17.5;
				LOCALIZATION_PREFERS_STRING_CATALOGS = YES;
				MTL_ENABLE_DEBUG_INFO = NO;
				MTL_FAST_MATH = YES;
				SDKROOT = iphoneos;
				SWIFT_COMPILATION_MODE = wholemodule;
				VALIDATE_PRODUCT = YES;
			};
			name = Release;
		};
		583FF43F2C3C44FC00FDD161 /* Debug */ = {
			isa = XCBuildConfiguration;
			buildSettings = {
				ASSETCATALOG_COMPILER_APPICON_NAME = AppIcon;
				ASSETCATALOG_COMPILER_GLOBAL_ACCENT_COLOR_NAME = AccentColor;
				CODE_SIGN_STYLE = Automatic;
				CURRENT_PROJECT_VERSION = 1;
				DEVELOPMENT_ASSET_PATHS = "\"Africa/Preview Content\"";
				DEVELOPMENT_TEAM = 7655W2DD35;
				ENABLE_PREVIEWS = YES;
				GENERATE_INFOPLIST_FILE = YES;
				INFOPLIST_FILE = Africa/Info.plist;
				INFOPLIST_KEY_UIApplicationSceneManifest_Generation = YES;
				INFOPLIST_KEY_UIApplicationSupportsIndirectInputEvents = YES;
				INFOPLIST_KEY_UISupportedInterfaceOrientations_iPad = "UIInterfaceOrientationPortrait UIInterfaceOrientationPortraitUpsideDown UIInterfaceOrientationLandscapeLeft UIInterfaceOrientationLandscapeRight";
				INFOPLIST_KEY_UISupportedInterfaceOrientations_iPhone = "UIInterfaceOrientationPortrait UIInterfaceOrientationLandscapeLeft UIInterfaceOrientationLandscapeRight";
				INFOPLIST_KEY_UIUserInterfaceStyle = Dark;
				LD_RUNPATH_SEARCH_PATHS = (
					"$(inherited)",
					"@executable_path/Frameworks",
				);
				MARKETING_VERSION = 1.0;
				PRODUCT_BUNDLE_IDENTIFIER = com.tourmate.Africa;
				PRODUCT_NAME = "$(TARGET_NAME)";
				SWIFT_EMIT_LOC_STRINGS = YES;
				SWIFT_VERSION = 5.0;
				TARGETED_DEVICE_FAMILY = "1,2";
			};
			name = Debug;
		};
		583FF4402C3C44FC00FDD161 /* Release */ = {
			isa = XCBuildConfiguration;
			buildSettings = {
				ASSETCATALOG_COMPILER_APPICON_NAME = AppIcon;
				ASSETCATALOG_COMPILER_GLOBAL_ACCENT_COLOR_NAME = AccentColor;
				CODE_SIGN_STYLE = Automatic;
				CURRENT_PROJECT_VERSION = 1;
				DEVELOPMENT_ASSET_PATHS = "\"Africa/Preview Content\"";
				DEVELOPMENT_TEAM = 7655W2DD35;
				ENABLE_PREVIEWS = YES;
				GENERATE_INFOPLIST_FILE = YES;
				INFOPLIST_FILE = Africa/Info.plist;
				INFOPLIST_KEY_UIApplicationSceneManifest_Generation = YES;
				INFOPLIST_KEY_UIApplicationSupportsIndirectInputEvents = YES;
				INFOPLIST_KEY_UISupportedInterfaceOrientations_iPad = "UIInterfaceOrientationPortrait UIInterfaceOrientationPortraitUpsideDown UIInterfaceOrientationLandscapeLeft UIInterfaceOrientationLandscapeRight";
				INFOPLIST_KEY_UISupportedInterfaceOrientations_iPhone = "UIInterfaceOrientationPortrait UIInterfaceOrientationLandscapeLeft UIInterfaceOrientationLandscapeRight";
				INFOPLIST_KEY_UIUserInterfaceStyle = Dark;
				LD_RUNPATH_SEARCH_PATHS = (
					"$(inherited)",
					"@executable_path/Frameworks",
				);
				MARKETING_VERSION = 1.0;
				PRODUCT_BUNDLE_IDENTIFIER = com.tourmate.Africa;
				PRODUCT_NAME = "$(TARGET_NAME)";
				SWIFT_EMIT_LOC_STRINGS = YES;
				SWIFT_VERSION = 5.0;
				TARGETED_DEVICE_FAMILY = "1,2";
			};
			name = Release;
		};
/* End XCBuildConfiguration section */

/* Begin XCConfigurationList section */
		583FF42B2C3C44FB00FDD161 /* Build configuration list for PBXProject "Africa" */ = {
			isa = XCConfigurationList;
			buildConfigurations = (
				583FF43C2C3C44FC00FDD161 /* Debug */,
				583FF43D2C3C44FC00FDD161 /* Release */,
			);
			defaultConfigurationIsVisible = 0;
			defaultConfigurationName = Release;
		};
		583FF43E2C3C44FC00FDD161 /* Build configuration list for PBXNativeTarget "Africa" */ = {
			isa = XCConfigurationList;
			buildConfigurations = (
				583FF43F2C3C44FC00FDD161 /* Debug */,
				583FF4402C3C44FC00FDD161 /* Release */,
			);
			defaultConfigurationIsVisible = 0;
			defaultConfigurationName = Release;
		};
/* End XCConfigurationList section */
	};
	rootObject = 583FF4282C3C44FB00FDD161 /* Project object */;
}
