// !$*UTF8*$!
{
	archiveVersion = 1;
	classes = {
	};
	objectVersion = 56;
	objects = {

/* Begin PBXBuildFile section */
		5809ACE52C52D72800FC0497 /* HoneyMoonApp.swift in Sources */ = {isa = PBXBuildFile; fileRef = 5809ACE42C52D72800FC0497 /* HoneyMoonApp.swift */; };
		5809ACE72C52D72800FC0497 /* ContentView.swift in Sources */ = {isa = PBXBuildFile; fileRef = 5809ACE62C52D72800FC0497 /* ContentView.swift */; };
		5809ACE92C52D72900FC0497 /* Assets.xcassets in Resources */ = {isa = PBXBuildFile; fileRef = 5809ACE82C52D72900FC0497 /* Assets.xcassets */; };
		5809ACEC2C52D72900FC0497 /* Preview Assets.xcassets in Resources */ = {isa = PBXBuildFile; fileRef = 5809ACEB2C52D72900FC0497 /* Preview Assets.xcassets */; };
		5817730C2C52DEB900C8E4D1 /* HoneyMoonModel.swift in Sources */ = {isa = PBXBuildFile; fileRef = 5817730B2C52DEB900C8E4D1 /* HoneyMoonModel.swift */; };
		5817730F2C52DEFD00C8E4D1 /* HoneyMoonData.swift in Sources */ = {isa = PBXBuildFile; fileRef = 5817730E2C52DEFD00C8E4D1 /* HoneyMoonData.swift */; };
		581773192C52DFDA00C8E4D1 /* CardView.swift in Sources */ = {isa = PBXBuildFile; fileRef = 581773182C52DFDA00C8E4D1 /* CardView.swift */; };
		5817731D2C52E3E400C8E4D1 /* HeaderView.swift in Sources */ = {isa = PBXBuildFile; fileRef = 5817731C2C52E3E400C8E4D1 /* HeaderView.swift */; };
		5817731F2C52E52800C8E4D1 /* FooterView.swift in Sources */ = {isa = PBXBuildFile; fileRef = 5817731E2C52E52800C8E4D1 /* FooterView.swift */; };
		581773222C52E9B600C8E4D1 /* HeaderComponent.swift in Sources */ = {isa = PBXBuildFile; fileRef = 581773212C52E9B600C8E4D1 /* HeaderComponent.swift */; };
		581773242C52EA3000C8E4D1 /* GuideComponent.swift in Sources */ = {isa = PBXBuildFile; fileRef = 581773232C52EA3000C8E4D1 /* GuideComponent.swift */; };
		581773262C52EBEC00C8E4D1 /* GuideView.swift in Sources */ = {isa = PBXBuildFile; fileRef = 581773252C52EBEC00C8E4D1 /* GuideView.swift */; };
		581773282C53295E00C8E4D1 /* InfoView.swift in Sources */ = {isa = PBXBuildFile; fileRef = 581773272C53295E00C8E4D1 /* InfoView.swift */; };
		5817732A2C532AE500C8E4D1 /* TitleModifier.swift in Sources */ = {isa = PBXBuildFile; fileRef = 581773292C532AE500C8E4D1 /* TitleModifier.swift */; };
		5817732C2C532C0500C8E4D1 /* ButtonModifier.swift in Sources */ = {isa = PBXBuildFile; fileRef = 5817732B2C532C0500C8E4D1 /* ButtonModifier.swift */; };
		5817732F2C54008200C8E4D1 /* SymbolModifier.swift in Sources */ = {isa = PBXBuildFile; fileRef = 5817732E2C54008200C8E4D1 /* SymbolModifier.swift */; };
/* End PBXBuildFile section */

/* Begin PBXFileReference section */
		5809ACE12C52D72800FC0497 /* HoneyMoon.app */ = {isa = PBXFileReference; explicitFileType = wrapper.application; includeInIndex = 0; path = HoneyMoon.app; sourceTree = BUILT_PRODUCTS_DIR; };
		5809ACE42C52D72800FC0497 /* HoneyMoonApp.swift */ = {isa = PBXFileReference; lastKnownFileType = sourcecode.swift; path = HoneyMoonApp.swift; sourceTree = "<group>"; };
		5809ACE62C52D72800FC0497 /* ContentView.swift */ = {isa = PBXFileReference; lastKnownFileType = sourcecode.swift; path = ContentView.swift; sourceTree = "<group>"; };
		5809ACE82C52D72900FC0497 /* Assets.xcassets */ = {isa = PBXFileReference; lastKnownFileType = folder.assetcatalog; path = Assets.xcassets; sourceTree = "<group>"; };
		5809ACEB2C52D72900FC0497 /* Preview Assets.xcassets */ = {isa = PBXFileReference; lastKnownFileType = folder.assetcatalog; path = "Preview Assets.xcassets"; sourceTree = "<group>"; };
		5817730B2C52DEB900C8E4D1 /* HoneyMoonModel.swift */ = {isa = PBXFileReference; lastKnownFileType = sourcecode.swift; path = HoneyMoonModel.swift; sourceTree = "<group>"; };
		5817730E2C52DEFD00C8E4D1 /* HoneyMoonData.swift */ = {isa = PBXFileReference; lastKnownFileType = sourcecode.swift; path = HoneyMoonData.swift; sourceTree = "<group>"; };
		581773182C52DFDA00C8E4D1 /* CardView.swift */ = {isa = PBXFileReference; lastKnownFileType = sourcecode.swift; path = CardView.swift; sourceTree = "<group>"; };
		5817731C2C52E3E400C8E4D1 /* HeaderView.swift */ = {isa = PBXFileReference; lastKnownFileType = sourcecode.swift; path = HeaderView.swift; sourceTree = "<group>"; };
		5817731E2C52E52800C8E4D1 /* FooterView.swift */ = {isa = PBXFileReference; lastKnownFileType = sourcecode.swift; path = FooterView.swift; sourceTree = "<group>"; };
		581773212C52E9B600C8E4D1 /* HeaderComponent.swift */ = {isa = PBXFileReference; lastKnownFileType = sourcecode.swift; path = HeaderComponent.swift; sourceTree = "<group>"; };
		581773232C52EA3000C8E4D1 /* GuideComponent.swift */ = {isa = PBXFileReference; lastKnownFileType = sourcecode.swift; path = GuideComponent.swift; sourceTree = "<group>"; };
		581773252C52EBEC00C8E4D1 /* GuideView.swift */ = {isa = PBXFileReference; lastKnownFileType = sourcecode.swift; path = GuideView.swift; sourceTree = "<group>"; };
		581773272C53295E00C8E4D1 /* InfoView.swift */ = {isa = PBXFileReference; lastKnownFileType = sourcecode.swift; path = InfoView.swift; sourceTree = "<group>"; };
		581773292C532AE500C8E4D1 /* TitleModifier.swift */ = {isa = PBXFileReference; lastKnownFileType = sourcecode.swift; path = TitleModifier.swift; sourceTree = "<group>"; };
		5817732B2C532C0500C8E4D1 /* ButtonModifier.swift */ = {isa = PBXFileReference; lastKnownFileType = sourcecode.swift; path = ButtonModifier.swift; sourceTree = "<group>"; };
		5817732E2C54008200C8E4D1 /* SymbolModifier.swift */ = {isa = PBXFileReference; lastKnownFileType = sourcecode.swift; path = SymbolModifier.swift; sourceTree = "<group>"; };
/* End PBXFileReference section */

/* Begin PBXFrameworksBuildPhase section */
		5809ACDE2C52D72800FC0497 /* Frameworks */ = {
			isa = PBXFrameworksBuildPhase;
			buildActionMask = 2147483647;
			files = (
			);
			runOnlyForDeploymentPostprocessing = 0;
		};
/* End PBXFrameworksBuildPhase section */

/* Begin PBXGroup section */
		5809ACD82C52D72800FC0497 = {
			isa = PBXGroup;
			children = (
				5809ACE32C52D72800FC0497 /* HoneyMoon */,
				5809ACE22C52D72800FC0497 /* Products */,
			);
			sourceTree = "<group>";
		};
		5809ACE22C52D72800FC0497 /* Products */ = {
			isa = PBXGroup;
			children = (
				5809ACE12C52D72800FC0497 /* HoneyMoon.app */,
			);
			name = Products;
			sourceTree = "<group>";
		};
		5809ACE32C52D72800FC0497 /* HoneyMoon */ = {
			isa = PBXGroup;
			children = (
				581773202C52E9AC00C8E4D1 /* Component */,
				581773152C52DF6000C8E4D1 /* View */,
				581773102C52DF0600C8E4D1 /* Data */,
				5817730D2C52DEBD00C8E4D1 /* Model */,
				5809ACE42C52D72800FC0497 /* HoneyMoonApp.swift */,
				5809ACE82C52D72900FC0497 /* Assets.xcassets */,
				5809ACEA2C52D72900FC0497 /* Preview Content */,
				5817732D2C532C0E00C8E4D1 /* Modifier */,
			);
			path = HoneyMoon;
			sourceTree = "<group>";
		};
		5809ACEA2C52D72900FC0497 /* Preview Content */ = {
			isa = PBXGroup;
			children = (
				5809ACEB2C52D72900FC0497 /* Preview Assets.xcassets */,
			);
			path = "Preview Content";
			sourceTree = "<group>";
		};
		5817730D2C52DEBD00C8E4D1 /* Model */ = {
			isa = PBXGroup;
			children = (
				5817730B2C52DEB900C8E4D1 /* HoneyMoonModel.swift */,
			);
			path = Model;
			sourceTree = "<group>";
		};
		581773102C52DF0600C8E4D1 /* Data */ = {
			isa = PBXGroup;
			children = (
				5817730E2C52DEFD00C8E4D1 /* HoneyMoonData.swift */,
			);
			path = Data;
			sourceTree = "<group>";
		};
		581773152C52DF6000C8E4D1 /* View */ = {
			isa = PBXGroup;
			children = (
				5809ACE62C52D72800FC0497 /* ContentView.swift */,
				5817731C2C52E3E400C8E4D1 /* HeaderView.swift */,
				581773182C52DFDA00C8E4D1 /* CardView.swift */,
				5817731E2C52E52800C8E4D1 /* FooterView.swift */,
				581773252C52EBEC00C8E4D1 /* GuideView.swift */,
				581773272C53295E00C8E4D1 /* InfoView.swift */,
			);
			path = View;
			sourceTree = "<group>";
		};
		581773202C52E9AC00C8E4D1 /* Component */ = {
			isa = PBXGroup;
			children = (
				581773212C52E9B600C8E4D1 /* HeaderComponent.swift */,
				581773232C52EA3000C8E4D1 /* GuideComponent.swift */,
			);
			path = Component;
			sourceTree = "<group>";
		};
		5817732D2C532C0E00C8E4D1 /* Modifier */ = {
			isa = PBXGroup;
			children = (
				581773292C532AE500C8E4D1 /* TitleModifier.swift */,
				5817732B2C532C0500C8E4D1 /* ButtonModifier.swift */,
				5817732E2C54008200C8E4D1 /* SymbolModifier.swift */,
			);
			path = Modifier;
			sourceTree = "<group>";
		};
/* End PBXGroup section */

/* Begin PBXNativeTarget section */
		5809ACE02C52D72800FC0497 /* HoneyMoon */ = {
			isa = PBXNativeTarget;
			buildConfigurationList = 5809ACEF2C52D72900FC0497 /* Build configuration list for PBXNativeTarget "HoneyMoon" */;
			buildPhases = (
				5809ACDD2C52D72800FC0497 /* Sources */,
				5809ACDE2C52D72800FC0497 /* Frameworks */,
				5809ACDF2C52D72800FC0497 /* Resources */,
			);
			buildRules = (
			);
			dependencies = (
			);
			name = HoneyMoon;
			productName = HoneyMoon;
			productReference = 5809ACE12C52D72800FC0497 /* HoneyMoon.app */;
			productType = "com.apple.product-type.application";
		};
/* End PBXNativeTarget section */

/* Begin PBXProject section */
		5809ACD92C52D72800FC0497 /* Project object */ = {
			isa = PBXProject;
			attributes = {
				BuildIndependentTargetsInParallel = 1;
				LastSwiftUpdateCheck = 1540;
				LastUpgradeCheck = 1540;
				TargetAttributes = {
					5809ACE02C52D72800FC0497 = {
						CreatedOnToolsVersion = 15.4;
					};
				};
			};
			buildConfigurationList = 5809ACDC2C52D72800FC0497 /* Build configuration list for PBXProject "HoneyMoon" */;
			compatibilityVersion = "Xcode 14.0";
			developmentRegion = en;
			hasScannedForEncodings = 0;
			knownRegions = (
				en,
				Base,
			);
			mainGroup = 5809ACD82C52D72800FC0497;
			productRefGroup = 5809ACE22C52D72800FC0497 /* Products */;
			projectDirPath = "";
			projectRoot = "";
			targets = (
				5809ACE02C52D72800FC0497 /* HoneyMoon */,
			);
		};
/* End PBXProject section */

/* Begin PBXResourcesBuildPhase section */
		5809ACDF2C52D72800FC0497 /* Resources */ = {
			isa = PBXResourcesBuildPhase;
			buildActionMask = 2147483647;
			files = (
				5809ACEC2C52D72900FC0497 /* Preview Assets.xcassets in Resources */,
				5809ACE92C52D72900FC0497 /* Assets.xcassets in Resources */,
			);
			runOnlyForDeploymentPostprocessing = 0;
		};
/* End PBXResourcesBuildPhase section */

/* Begin PBXSourcesBuildPhase section */
		5809ACDD2C52D72800FC0497 /* Sources */ = {
			isa = PBXSourcesBuildPhase;
			buildActionMask = 2147483647;
			files = (
				5817730F2C52DEFD00C8E4D1 /* HoneyMoonData.swift in Sources */,
				5809ACE72C52D72800FC0497 /* ContentView.swift in Sources */,
				581773242C52EA3000C8E4D1 /* GuideComponent.swift in Sources */,
				5817730C2C52DEB900C8E4D1 /* HoneyMoonModel.swift in Sources */,
				5817732F2C54008200C8E4D1 /* SymbolModifier.swift in Sources */,
				5817732A2C532AE500C8E4D1 /* TitleModifier.swift in Sources */,
				581773282C53295E00C8E4D1 /* InfoView.swift in Sources */,
				581773192C52DFDA00C8E4D1 /* CardView.swift in Sources */,
				5817732C2C532C0500C8E4D1 /* ButtonModifier.swift in Sources */,
				5817731F2C52E52800C8E4D1 /* FooterView.swift in Sources */,
				581773222C52E9B600C8E4D1 /* HeaderComponent.swift in Sources */,
				581773262C52EBEC00C8E4D1 /* GuideView.swift in Sources */,
				5809ACE52C52D72800FC0497 /* HoneyMoonApp.swift in Sources */,
				5817731D2C52E3E400C8E4D1 /* HeaderView.swift in Sources */,
			);
			runOnlyForDeploymentPostprocessing = 0;
		};
/* End PBXSourcesBuildPhase section */

/* Begin XCBuildConfiguration section */
		5809ACED2C52D72900FC0497 /* Debug */ = {
			isa = XCBuildConfiguration;
			buildSettings = {
				ALWAYS_SEARCH_USER_PATHS = NO;
				ASSETCATALOG_COMPILER_GENERATE_SWIFT_ASSET_SYMBOL_EXTENSIONS = YES;
				CLANG_ANALYZER_NONNULL = YES;
				CLANG_ANALYZER_NUMBER_OBJECT_CONVERSION = YES_AGGRESSIVE;
				CLANG_CXX_LANGUAGE_STANDARD = "gnu++20";
				CLANG_ENABLE_MODULES = YES;
				CLANG_ENABLE_OBJC_ARC = YES;
				CLANG_ENABLE_OBJC_WEAK = YES;
				CLANG_WARN_BLOCK_CAPTURE_AUTORELEASING = YES;
				CLANG_WARN_BOOL_CONVERSION = YES;
				CLANG_WARN_COMMA = YES;
				CLANG_WARN_CONSTANT_CONVERSION = YES;
				CLANG_WARN_DEPRECATED_OBJC_IMPLEMENTATIONS = YES;
				CLANG_WARN_DIRECT_OBJC_ISA_USAGE = YES_ERROR;
				CLANG_WARN_DOCUMENTATION_COMMENTS = YES;
				CLANG_WARN_EMPTY_BODY = YES;
				CLANG_WARN_ENUM_CONVERSION = YES;
				CLANG_WARN_INFINITE_RECURSION = YES;
				CLANG_WARN_INT_CONVERSION = YES;
				CLANG_WARN_NON_LITERAL_NULL_CONVERSION = YES;
				CLANG_WARN_OBJC_IMPLICIT_RETAIN_SELF = YES;
				CLANG_WARN_OBJC_LITERAL_CONVERSION = YES;
				CLANG_WARN_OBJC_ROOT_CLASS = YES_ERROR;
				CLANG_WARN_QUOTED_INCLUDE_IN_FRAMEWORK_HEADER = YES;
				CLANG_WARN_RANGE_LOOP_ANALYSIS = YES;
				CLANG_WARN_STRICT_PROTOTYPES = YES;
				CLANG_WARN_SUSPICIOUS_MOVE = YES;
				CLANG_WARN_UNGUARDED_AVAILABILITY = YES_AGGRESSIVE;
				CLANG_WARN_UNREACHABLE_CODE = YES;
				CLANG_WARN__DUPLICATE_METHOD_MATCH = YES;
				COPY_PHASE_STRIP = NO;
				DEBUG_INFORMATION_FORMAT = dwarf;
				ENABLE_STRICT_OBJC_MSGSEND = YES;
				ENABLE_TESTABILITY = YES;
				ENABLE_USER_SCRIPT_SANDBOXING = YES;
				GCC_C_LANGUAGE_STANDARD = gnu17;
				GCC_DYNAMIC_NO_PIC = NO;
				GCC_NO_COMMON_BLOCKS = YES;
				GCC_OPTIMIZATION_LEVEL = 0;
				GCC_PREPROCESSOR_DEFINITIONS = (
					"DEBUG=1",
					"$(inherited)",
				);
				GCC_WARN_64_TO_32_BIT_CONVERSION = YES;
				GCC_WARN_ABOUT_RETURN_TYPE = YES_ERROR;
				GCC_WARN_UNDECLARED_SELECTOR = YES;
				GCC_WARN_UNINITIALIZED_AUTOS = YES_AGGRESSIVE;
				GCC_WARN_UNUSED_FUNCTION = YES;
				GCC_WARN_UNUSED_VARIABLE = YES;
				IPHONEOS_DEPLOYMENT_TARGET = 17.5;
				LOCALIZATION_PREFERS_STRING_CATALOGS = YES;
				MTL_ENABLE_DEBUG_INFO = INCLUDE_SOURCE;
				MTL_FAST_MATH = YES;
				ONLY_ACTIVE_ARCH = YES;
				SDKROOT = iphoneos;
				SWIFT_ACTIVE_COMPILATION_CONDITIONS = "DEBUG $(inherited)";
				SWIFT_OPTIMIZATION_LEVEL = "-Onone";
			};
			name = Debug;
		};
		5809ACEE2C52D72900FC0497 /* Release */ = {
			isa = XCBuildConfiguration;
			buildSettings = {
				ALWAYS_SEARCH_USER_PATHS = NO;
				ASSETCATALOG_COMPILER_GENERATE_SWIFT_ASSET_SYMBOL_EXTENSIONS = YES;
				CLANG_ANALYZER_NONNULL = YES;
				CLANG_ANALYZER_NUMBER_OBJECT_CONVERSION = YES_AGGRESSIVE;
				CLANG_CXX_LANGUAGE_STANDARD = "gnu++20";
				CLANG_ENABLE_MODULES = YES;
				CLANG_ENABLE_OBJC_ARC = YES;
				CLANG_ENABLE_OBJC_WEAK = YES;
				CLANG_WARN_BLOCK_CAPTURE_AUTORELEASING = YES;
				CLANG_WARN_BOOL_CONVERSION = YES;
				CLANG_WARN_COMMA = YES;
				CLANG_WARN_CONSTANT_CONVERSION = YES;
				CLANG_WARN_DEPRECATED_OBJC_IMPLEMENTATIONS = YES;
				CLANG_WARN_DIRECT_OBJC_ISA_USAGE = YES_ERROR;
				CLANG_WARN_DOCUMENTATION_COMMENTS = YES;
				CLANG_WARN_EMPTY_BODY = YES;
				CLANG_WARN_ENUM_CONVERSION = YES;
				CLANG_WARN_INFINITE_RECURSION = YES;
				CLANG_WARN_INT_CONVERSION = YES;
				CLANG_WARN_NON_LITERAL_NULL_CONVERSION = YES;
				CLANG_WARN_OBJC_IMPLICIT_RETAIN_SELF = YES;
				CLANG_WARN_OBJC_LITERAL_CONVERSION = YES;
				CLANG_WARN_OBJC_ROOT_CLASS = YES_ERROR;
				CLANG_WARN_QUOTED_INCLUDE_IN_FRAMEWORK_HEADER = YES;
				CLANG_WARN_RANGE_LOOP_ANALYSIS = YES;
				CLANG_WARN_STRICT_PROTOTYPES = YES;
				CLANG_WARN_SUSPICIOUS_MOVE = YES;
				CLANG_WARN_UNGUARDED_AVAILABILITY = YES_AGGRESSIVE;
				CLANG_WARN_UNREACHABLE_CODE = YES;
				CLANG_WARN__DUPLICATE_METHOD_MATCH = YES;
				COPY_PHASE_STRIP = NO;
				DEBUG_INFORMATION_FORMAT = "dwarf-with-dsym";
				ENABLE_NS_ASSERTIONS = NO;
				ENABLE_STRICT_OBJC_MSGSEND = YES;
				ENABLE_USER_SCRIPT_SANDBOXING = YES;
				GCC_C_LANGUAGE_STANDARD = gnu17;
				GCC_NO_COMMON_BLOCKS = YES;
				GCC_WARN_64_TO_32_BIT_CONVERSION = YES;
				GCC_WARN_ABOUT_RETURN_TYPE = YES_ERROR;
				GCC_WARN_UNDECLARED_SELECTOR = YES;
				GCC_WARN_UNINITIALIZED_AUTOS = YES_AGGRESSIVE;
				GCC_WARN_UNUSED_FUNCTION = YES;
				GCC_WARN_UNUSED_VARIABLE = YES;
				IPHONEOS_DEPLOYMENT_TARGET = 17.5;
				LOCALIZATION_PREFERS_STRING_CATALOGS = YES;
				MTL_ENABLE_DEBUG_INFO = NO;
				MTL_FAST_MATH = YES;
				SDKROOT = iphoneos;
				SWIFT_COMPILATION_MODE = wholemodule;
				VALIDATE_PRODUCT = YES;
			};
			name = Release;
		};
		5809ACF02C52D72900FC0497 /* Debug */ = {
			isa = XCBuildConfiguration;
			buildSettings = {
				ASSETCATALOG_COMPILER_APPICON_NAME = AppIcon;
				ASSETCATALOG_COMPILER_GLOBAL_ACCENT_COLOR_NAME = AccentColor;
				CODE_SIGN_STYLE = Automatic;
				CURRENT_PROJECT_VERSION = 1;
				DEVELOPMENT_ASSET_PATHS = "\"HoneyMoon/Preview Content\"";
				DEVELOPMENT_TEAM = 7655W2DD35;
				ENABLE_PREVIEWS = YES;
				GENERATE_INFOPLIST_FILE = YES;
				INFOPLIST_KEY_UIApplicationSceneManifest_Generation = YES;
				INFOPLIST_KEY_UIApplicationSupportsIndirectInputEvents = YES;
				INFOPLIST_KEY_UILaunchScreen_Generation = YES;
				INFOPLIST_KEY_UISupportedInterfaceOrientations_iPad = "UIInterfaceOrientationPortrait UIInterfaceOrientationPortraitUpsideDown UIInterfaceOrientationLandscapeLeft UIInterfaceOrientationLandscapeRight";
				INFOPLIST_KEY_UISupportedInterfaceOrientations_iPhone = "UIInterfaceOrientationPortrait UIInterfaceOrientationLandscapeLeft UIInterfaceOrientationLandscapeRight";
				LD_RUNPATH_SEARCH_PATHS = (
					"$(inherited)",
					"@executable_path/Frameworks",
				);
				MARKETING_VERSION = 1.0;
				PRODUCT_BUNDLE_IDENTIFIER = com.tourmate.HoneyMoon;
				PRODUCT_NAME = "$(TARGET_NAME)";
				SWIFT_EMIT_LOC_STRINGS = YES;
				SWIFT_VERSION = 5.0;
				TARGETED_DEVICE_FAMILY = "1,2";
			};
			name = Debug;
		};
		5809ACF12C52D72900FC0497 /* Release */ = {
			isa = XCBuildConfiguration;
			buildSettings = {
				ASSETCATALOG_COMPILER_APPICON_NAME = AppIcon;
				ASSETCATALOG_COMPILER_GLOBAL_ACCENT_COLOR_NAME = AccentColor;
				CODE_SIGN_STYLE = Automatic;
				CURRENT_PROJECT_VERSION = 1;
				DEVELOPMENT_ASSET_PATHS = "\"HoneyMoon/Preview Content\"";
				DEVELOPMENT_TEAM = 7655W2DD35;
				ENABLE_PREVIEWS = YES;
				GENERATE_INFOPLIST_FILE = YES;
				INFOPLIST_KEY_UIApplicationSceneManifest_Generation = YES;
				INFOPLIST_KEY_UIApplicationSupportsIndirectInputEvents = YES;
				INFOPLIST_KEY_UILaunchScreen_Generation = YES;
				INFOPLIST_KEY_UISupportedInterfaceOrientations_iPad = "UIInterfaceOrientationPortrait UIInterfaceOrientationPortraitUpsideDown UIInterfaceOrientationLandscapeLeft UIInterfaceOrientationLandscapeRight";
				INFOPLIST_KEY_UISupportedInterfaceOrientations_iPhone = "UIInterfaceOrientationPortrait UIInterfaceOrientationLandscapeLeft UIInterfaceOrientationLandscapeRight";
				LD_RUNPATH_SEARCH_PATHS = (
					"$(inherited)",
					"@executable_path/Frameworks",
				);
				MARKETING_VERSION = 1.0;
				PRODUCT_BUNDLE_IDENTIFIER = com.tourmate.HoneyMoon;
				PRODUCT_NAME = "$(TARGET_NAME)";
				SWIFT_EMIT_LOC_STRINGS = YES;
				SWIFT_VERSION = 5.0;
				TARGETED_DEVICE_FAMILY = "1,2";
			};
			name = Release;
		};
/* End XCBuildConfiguration section */

/* Begin XCConfigurationList section */
		5809ACDC2C52D72800FC0497 /* Build configuration list for PBXProject "HoneyMoon" */ = {
			isa = XCConfigurationList;
			buildConfigurations = (
				5809ACED2C52D72900FC0497 /* Debug */,
				5809ACEE2C52D72900FC0497 /* Release */,
			);
			defaultConfigurationIsVisible = 0;
			defaultConfigurationName = Release;
		};
		5809ACEF2C52D72900FC0497 /* Build configuration list for PBXNativeTarget "HoneyMoon" */ = {
			isa = XCConfigurationList;
			buildConfigurations = (
				5809ACF02C52D72900FC0497 /* Debug */,
				5809ACF12C52D72900FC0497 /* Release */,
			);
			defaultConfigurationIsVisible = 0;
			defaultConfigurationName = Release;
		};
/* End XCConfigurationList section */
	};
	rootObject = 5809ACD92C52D72800FC0497 /* Project object */;
}
